
Microsoft Visual Studio Solution File, Format Version 12.00
# Visual Studio Version 17
VisualStudioVersion = 17.9.34622.214
MinimumVisualStudioVersion = 10.0.40219.1
Project("{888888A0-9F3D-457C-B088-3A5042F75D52}") = "labwork2", "labwork2\labwork2.pyproj", "{15E47226-6AFE-4719-9B63-D85FEE52816F}"
EndProject
Global
	GlobalSection(SolutionConfigurationPlatforms) = preSolution
		Debug|Any CPU = Debug|Any CPU
		Release|Any CPU = Release|Any CPU
	EndGlobalSection
	GlobalSection(ProjectConfigurationPlatforms) = postSolution
		{15E47226-6AFE-4719-9B63-D85FEE52816F}.Debug|Any CPU.ActiveCfg = Debug|Any CPU
		{15E47226-6AFE-4719-9B63-D85FEE52816F}.Release|Any CPU.ActiveCfg = Release|Any CPU
	EndGlobalSection
	GlobalSection(SolutionProperties) = preSolution
		HideSolutionNode = FALSE
	EndGlobalSection
	GlobalSection(ExtensibilityGlobals) = postSolution
		SolutionGuid = {5718281C-A0A1-4883-8F11-175738635721}
	EndGlobalSection
EndGlobal
